
Microsoft Visual Studio Solution File, Format Version 12.00
# Visual Studio 15
VisualStudioVersion = 15.0.27004.2006
MinimumVisualStudioVersion = 10.0.40219.1
Project("{FAE04EC0-301F-11D3-BF4B-00C04F79EFBC}") = "SqliteApp.Android", "SqliteApp\SqliteApp.Android\SqliteApp.Android.csproj", "{BAF00777-948F-44B7-B10A-1BF4542C110C}"
EndProject
Project("{FAE04EC0-301F-11D3-BF4B-00C04F79EFBC}") = "SqliteApp", "SqliteApp\SqliteApp\SqliteApp.csproj", "{5F98C6E4-2815-4210-8DE4-B7F5D2FFBF83}"
EndProject
Project("{FAE04EC0-301F-11D3-BF4B-00C04F79EFBC}") = "SqliteApp.iOS", "SqliteApp\SqliteApp.iOS\SqliteApp.iOS.csproj", "{E11F6A4B-62D4-4CE3-A161-FF1392C17F98}"
EndProject
Project("{9A19103F-16F7-4668-BE54-9A1E7A4F7556}") = "SqliteApp.Database", "SqliteApp\SqliteApp.Database\SqliteApp.Database.csproj", "{541B5B5E-859B-4050-9F88-A5ED75A18F43}"
EndProject
Global
	GlobalSection(SolutionConfigurationPlatforms) = preSolution
		Ad-Hoc|Any CPU = Ad-Hoc|Any CPU
		Ad-Hoc|iPhone = Ad-Hoc|iPhone
		Ad-Hoc|iPhoneSimulator = Ad-Hoc|iPhoneSimulator
		AppStore|Any CPU = AppStore|Any CPU
		AppStore|iPhone = AppStore|iPhone
		AppStore|iPhoneSimulator = AppStore|iPhoneSimulator
		Debug|Any CPU = Debug|Any CPU
		Debug|iPhone = Debug|iPhone
		Debug|iPhoneSimulator = Debug|iPhoneSimulator
		Release|Any CPU = Release|Any CPU
		Release|iPhone = Release|iPhone
		Release|iPhoneSimulator = Release|iPhoneSimulator
	EndGlobalSection
	GlobalSection(ProjectConfigurationPlatforms) = postSolution
		{BAF00777-948F-44B7-B10A-1BF4542C110C}.Ad-Hoc|Any CPU.ActiveCfg = Release|Any CPU
		{BAF00777-948F-44B7-B10A-1BF4542C110C}.Ad-Hoc|Any CPU.Build.0 = Release|Any CPU
		{BAF00777-948F-44B7-B10A-1BF4542C110C}.Ad-Hoc|Any CPU.Deploy.0 = Release|Any CPU
		{BAF00777-948F-44B7-B10A-1BF4542C110C}.Ad-Hoc|iPhone.ActiveCfg = Release|Any CPU
		{BAF00777-948F-44B7-B10A-1BF4542C110C}.Ad-Hoc|iPhone.Build.0 = Release|Any CPU
		{BAF00777-948F-44B7-B10A-1BF4542C110C}.Ad-Hoc|iPhone.Deploy.0 = Release|Any CPU
		{BAF00777-948F-44B7-B10A-1BF4542C110C}.Ad-Hoc|iPhoneSimulator.ActiveCfg = Release|Any CPU
		{BAF00777-948F-44B7-B10A-1BF4542C110C}.Ad-Hoc|iPhoneSimulator.Build.0 = Release|Any CPU
		{BAF00777-948F-44B7-B10A-1BF4542C110C}.Ad-Hoc|iPhoneSimulator.Deploy.0 = Release|Any CPU
		{BAF00777-948F-44B7-B10A-1BF4542C110C}.AppStore|Any CPU.ActiveCfg = Release|Any CPU
		{BAF00777-948F-44B7-B10A-1BF4542C110C}.AppStore|Any CPU.Build.0 = Release|Any CPU
		{BAF00777-948F-44B7-B10A-1BF4542C110C}.AppStore|Any CPU.Deploy.0 = Release|Any CPU
		{BAF00777-948F-44B7-B10A-1BF4542C110C}.AppStore|iPhone.ActiveCfg = Release|Any CPU
		{BAF00777-948F-44B7-B10A-1BF4542C110C}.AppStore|iPhone.Build.0 = Release|Any CPU
		{BAF00777-948F-44B7-B10A-1BF4542C110C}.AppStore|iPhone.Deploy.0 = Release|Any CPU
		{BAF00777-948F-44B7-B10A-1BF4542C110C}.AppStore|iPhoneSimulator.ActiveCfg = Release|Any CPU
		{BAF00777-948F-44B7-B10A-1BF4542C110C}.AppStore|iPhoneSimulator.Build.0 = Release|Any CPU
		{BAF00777-948F-44B7-B10A-1BF4542C110C}.AppStore|iPhoneSimulator.Deploy.0 = Release|Any CPU
		{BAF00777-948F-44B7-B10A-1BF4542C110C}.Debug|Any CPU.ActiveCfg = Debug|Any CPU
		{BAF00777-948F-44B7-B10A-1BF4542C110C}.Debug|Any CPU.Build.0 = Debug|Any CPU
		{BAF00777-948F-44B7-B10A-1BF4542C110C}.Debug|Any CPU.Deploy.0 = Debug|Any CPU
		{BAF00777-948F-44B7-B10A-1BF4542C110C}.Debug|iPhone.ActiveCfg = Debug|Any CPU
		{BAF00777-948F-44B7-B10A-1BF4542C110C}.Debug|iPhone.Build.0 = Debug|Any CPU
		{BAF00777-948F-44B7-B10A-1BF4542C110C}.Debug|iPhone.Deploy.0 = Debug|Any CPU
		{BAF00777-948F-44B7-B10A-1BF4542C110C}.Debug|iPhoneSimulator.ActiveCfg = Debug|Any CPU
		{BAF00777-948F-44B7-B10A-1BF4542C110C}.Debug|iPhoneSimulator.Build.0 = Debug|Any CPU
		{BAF00777-948F-44B7-B10A-1BF4542C110C}.Debug|iPhoneSimulator.Deploy.0 = Debug|Any CPU
		{BAF00777-948F-44B7-B10A-1BF4542C110C}.Release|Any CPU.ActiveCfg = Release|Any CPU
		{BAF00777-948F-44B7-B10A-1BF4542C110C}.Release|Any CPU.Build.0 = Release|Any CPU
		{BAF00777-948F-44B7-B10A-1BF4542C110C}.Release|Any CPU.Deploy.0 = Release|Any CPU
		{BAF00777-948F-44B7-B10A-1BF4542C110C}.Release|iPhone.ActiveCfg = Release|Any CPU
		{BAF00777-948F-44B7-B10A-1BF4542C110C}.Release|iPhone.Build.0 = Release|Any CPU
		{BAF00777-948F-44B7-B10A-1BF4542C110C}.Release|iPhone.Deploy.0 = Release|Any CPU
		{BAF00777-948F-44B7-B10A-1BF4542C110C}.Release|iPhoneSimulator.ActiveCfg = Release|Any CPU
		{BAF00777-948F-44B7-B10A-1BF4542C110C}.Release|iPhoneSimulator.Build.0 = Release|Any CPU
		{BAF00777-948F-44B7-B10A-1BF4542C110C}.Release|iPhoneSimulator.Deploy.0 = Release|Any CPU
		{5F98C6E4-2815-4210-8DE4-B7F5D2FFBF83}.Ad-Hoc|Any CPU.ActiveCfg = Release|Any CPU
		{5F98C6E4-2815-4210-8DE4-B7F5D2FFBF83}.Ad-Hoc|Any CPU.Build.0 = Release|Any CPU
		{5F98C6E4-2815-4210-8DE4-B7F5D2FFBF83}.Ad-Hoc|iPhone.ActiveCfg = Release|Any CPU
		{5F98C6E4-2815-4210-8DE4-B7F5D2FFBF83}.Ad-Hoc|iPhone.Build.0 = Release|Any CPU
		{5F98C6E4-2815-4210-8DE4-B7F5D2FFBF83}.Ad-Hoc|iPhoneSimulator.ActiveCfg = Release|Any CPU
		{5F98C6E4-2815-4210-8DE4-B7F5D2FFBF83}.Ad-Hoc|iPhoneSimulator.Build.0 = Release|Any CPU
		{5F98C6E4-2815-4210-8DE4-B7F5D2FFBF83}.AppStore|Any CPU.ActiveCfg = Release|Any CPU
		{5F98C6E4-2815-4210-8DE4-B7F5D2FFBF83}.AppStore|Any CPU.Build.0 = Release|Any CPU
		{5F98C6E4-2815-4210-8DE4-B7F5D2FFBF83}.AppStore|iPhone.ActiveCfg = Release|Any CPU
		{5F98C6E4-2815-4210-8DE4-B7F5D2FFBF83}.AppStore|iPhone.Build.0 = Release|Any CPU
		{5F98C6E4-2815-4210-8DE4-B7F5D2FFBF83}.AppStore|iPhoneSimulator.ActiveCfg = Release|Any CPU
		{5F98C6E4-2815-4210-8DE4-B7F5D2FFBF83}.AppStore|iPhoneSimulator.Build.0 = Release|Any CPU
		{5F98C6E4-2815-4210-8DE4-B7F5D2FFBF83}.Debug|Any CPU.ActiveCfg = Debug|Any CPU
		{5F98C6E4-2815-4210-8DE4-B7F5D2FFBF83}.Debug|Any CPU.Build.0 = Debug|Any CPU
		{5F98C6E4-2815-4210-8DE4-B7F5D2FFBF83}.Debug|iPhone.ActiveCfg = Debug|Any CPU
		{5F98C6E4-2815-4210-8DE4-B7F5D2FFBF83}.Debug|iPhone.Build.0 = Debug|Any CPU
		{5F98C6E4-2815-4210-8DE4-B7F5D2FFBF83}.Debug|iPhoneSimulator.ActiveCfg = Debug|Any CPU
		{5F98C6E4-2815-4210-8DE4-B7F5D2FFBF83}.Debug|iPhoneSimulator.Build.0 = Debug|Any CPU
		{5F98C6E4-2815-4210-8DE4-B7F5D2FFBF83}.Release|Any CPU.ActiveCfg = Release|Any CPU
		{5F98C6E4-2815-4210-8DE4-B7F5D2FFBF83}.Release|Any CPU.Build.0 = Release|Any CPU
		{5F98C6E4-2815-4210-8DE4-B7F5D2FFBF83}.Release|iPhone.ActiveCfg = Release|Any CPU
		{5F98C6E4-2815-4210-8DE4-B7F5D2FFBF83}.Release|iPhone.Build.0 = Release|Any CPU
		{5F98C6E4-2815-4210-8DE4-B7F5D2FFBF83}.Release|iPhoneSimulator.ActiveCfg = Release|Any CPU
		{5F98C6E4-2815-4210-8DE4-B7F5D2FFBF83}.Release|iPhoneSimulator.Build.0 = Release|Any CPU
		{E11F6A4B-62D4-4CE3-A161-FF1392C17F98}.Ad-Hoc|Any CPU.ActiveCfg = Ad-Hoc|iPhoneSimulator
		{E11F6A4B-62D4-4CE3-A161-FF1392C17F98}.Ad-Hoc|iPhone.ActiveCfg = Ad-Hoc|iPhone
		{E11F6A4B-62D4-4CE3-A161-FF1392C17F98}.Ad-Hoc|iPhone.Build.0 = Ad-Hoc|iPhone
		{E11F6A4B-62D4-4CE3-A161-FF1392C17F98}.Ad-Hoc|iPhoneSimulator.ActiveCfg = Ad-Hoc|iPhoneSimulator
		{E11F6A4B-62D4-4CE3-A161-FF1392C17F98}.Ad-Hoc|iPhoneSimulator.Build.0 = Ad-Hoc|iPhoneSimulator
		{E11F6A4B-62D4-4CE3-A161-FF1392C17F98}.AppStore|Any CPU.ActiveCfg = AppStore|iPhoneSimulator
		{E11F6A4B-62D4-4CE3-A161-FF1392C17F98}.AppStore|iPhone.ActiveCfg = AppStore|iPhone
		{E11F6A4B-62D4-4CE3-A161-FF1392C17F98}.AppStore|iPhone.Build.0 = AppStore|iPhone
		{E11F6A4B-62D4-4CE3-A161-FF1392C17F98}.AppStore|iPhoneSimulator.ActiveCfg = AppStore|iPhoneSimulator
		{E11F6A4B-62D4-4CE3-A161-FF1392C17F98}.AppStore|iPhoneSimulator.Build.0 = AppStore|iPhoneSimulator
		{E11F6A4B-62D4-4CE3-A161-FF1392C17F98}.Debug|Any CPU.ActiveCfg = Debug|iPhoneSimulator
		{E11F6A4B-62D4-4CE3-A161-FF1392C17F98}.Debug|Any CPU.Build.0 = Debug|iPhoneSimulator
		{E11F6A4B-62D4-4CE3-A161-FF1392C17F98}.Debug|iPhone.ActiveCfg = Debug|iPhone
		{E11F6A4B-62D4-4CE3-A161-FF1392C17F98}.Debug|iPhone.Build.0 = Debug|iPhone
		{E11F6A4B-62D4-4CE3-A161-FF1392C17F98}.Debug|iPhoneSimulator.ActiveCfg = Debug|iPhoneSimulator
		{E11F6A4B-62D4-4CE3-A161-FF1392C17F98}.Debug|iPhoneSimulator.Build.0 = Debug|iPhoneSimulator
		{E11F6A4B-62D4-4CE3-A161-FF1392C17F98}.Release|Any CPU.ActiveCfg = Release|iPhoneSimulator
		{E11F6A4B-62D4-4CE3-A161-FF1392C17F98}.Release|iPhone.ActiveCfg = Release|iPhone
		{E11F6A4B-62D4-4CE3-A161-FF1392C17F98}.Release|iPhone.Build.0 = Release|iPhone
		{E11F6A4B-62D4-4CE3-A161-FF1392C17F98}.Release|iPhoneSimulator.ActiveCfg = Release|iPhoneSimulator
		{E11F6A4B-62D4-4CE3-A161-FF1392C17F98}.Release|iPhoneSimulator.Build.0 = Release|iPhoneSimulator
		{541B5B5E-859B-4050-9F88-A5ED75A18F43}.Ad-Hoc|Any CPU.ActiveCfg = Debug|Any CPU
		{541B5B5E-859B-4050-9F88-A5ED75A18F43}.Ad-Hoc|Any CPU.Build.0 = Debug|Any CPU
		{541B5B5E-859B-4050-9F88-A5ED75A18F43}.Ad-Hoc|iPhone.ActiveCfg = Debug|Any CPU
		{541B5B5E-859B-4050-9F88-A5ED75A18F43}.Ad-Hoc|iPhone.Build.0 = Debug|Any CPU
		{541B5B5E-859B-4050-9F88-A5ED75A18F43}.Ad-Hoc|iPhoneSimulator.ActiveCfg = Debug|Any CPU
		{541B5B5E-859B-4050-9F88-A5ED75A18F43}.Ad-Hoc|iPhoneSimulator.Build.0 = Debug|Any CPU
		{541B5B5E-859B-4050-9F88-A5ED75A18F43}.AppStore|Any CPU.ActiveCfg = Debug|Any CPU
		{541B5B5E-859B-4050-9F88-A5ED75A18F43}.AppStore|Any CPU.Build.0 = Debug|Any CPU
		{541B5B5E-859B-4050-9F88-A5ED75A18F43}.AppStore|iPhone.ActiveCfg = Debug|Any CPU
		{541B5B5E-859B-4050-9F88-A5ED75A18F43}.AppStore|iPhone.Build.0 = Debug|Any CPU
		{541B5B5E-859B-4050-9F88-A5ED75A18F43}.AppStore|iPhoneSimulator.ActiveCfg = Debug|Any CPU
		{541B5B5E-859B-4050-9F88-A5ED75A18F43}.AppStore|iPhoneSimulator.Build.0 = Debug|Any CPU
		{541B5B5E-859B-4050-9F88-A5ED75A18F43}.Debug|Any CPU.ActiveCfg = Debug|Any CPU
		{541B5B5E-859B-4050-9F88-A5ED75A18F43}.Debug|Any CPU.Build.0 = Debug|Any CPU
		{541B5B5E-859B-4050-9F88-A5ED75A18F43}.Debug|iPhone.ActiveCfg = Debug|Any CPU
		{541B5B5E-859B-4050-9F88-A5ED75A18F43}.Debug|iPhone.Build.0 = Debug|Any CPU
		{541B5B5E-859B-4050-9F88-A5ED75A18F43}.Debug|iPhoneSimulator.ActiveCfg = Debug|Any CPU
		{541B5B5E-859B-4050-9F88-A5ED75A18F43}.Debug|iPhoneSimulator.Build.0 = Debug|Any CPU
		{541B5B5E-859B-4050-9F88-A5ED75A18F43}.Release|Any CPU.ActiveCfg = Release|Any CPU
		{541B5B5E-859B-4050-9F88-A5ED75A18F43}.Release|Any CPU.Build.0 = Release|Any CPU
		{541B5B5E-859B-4050-9F88-A5ED75A18F43}.Release|iPhone.ActiveCfg = Release|Any CPU
		{541B5B5E-859B-4050-9F88-A5ED75A18F43}.Release|iPhone.Build.0 = Release|Any CPU
		{541B5B5E-859B-4050-9F88-A5ED75A18F43}.Release|iPhoneSimulator.ActiveCfg = Release|Any CPU
		{541B5B5E-859B-4050-9F88-A5ED75A18F43}.Release|iPhoneSimulator.Build.0 = Release|Any CPU
	EndGlobalSection
	GlobalSection(SolutionProperties) = preSolution
		HideSolutionNode = FALSE
	EndGlobalSection
	GlobalSection(ExtensibilityGlobals) = postSolution
		SolutionGuid = {ED0E9851-0984-4F77-8275-0F377DFE7B99}
	EndGlobalSection
EndGlobal
